
Microsoft Visual Studio Solution File, Format Version 12.00
# Visual Studio Version 16
VisualStudioVersion = 16.0.29102.190
MinimumVisualStudioVersion = 10.0.40219.1
Project("{FAE04EC0-301F-11D3-BF4B-00C04F79EFBC}") = "PDFHelper", "PDFHelper.csproj", "{239AD403-FED2-4994-9E21-A4597444E3D8}"
EndProject
Project("{FAE04EC0-301F-11D3-BF4B-00C04F79EFBC}") = "PDFHelper.Tests", "..\PDFHelper.Tests\PDFHelper.Tests.csproj", "{19E6C321-49FF-407B-BC4B-01D4A7D321CA}"
EndProject
Project("{FAE04EC0-301F-11D3-BF4B-00C04F79EFBC}") = "Commom", "..\Commom\Commom.csproj", "{73B6BD34-B20E-46B3-AE61-D760B02C5E2E}"
EndProject
Global
	GlobalSection(SolutionConfigurationPlatforms) = preSolution
		Debug|Any CPU = Debug|Any CPU
		Release|Any CPU = Release|Any CPU
	EndGlobalSection
	GlobalSection(ProjectConfigurationPlatforms) = postSolution
		{239AD403-FED2-4994-9E21-A4597444E3D8}.Debug|Any CPU.ActiveCfg = Debug|Any CPU
		{239AD403-FED2-4994-9E21-A4597444E3D8}.Debug|Any CPU.Build.0 = Debug|Any CPU
		{239AD403-FED2-4994-9E21-A4597444E3D8}.Release|Any CPU.ActiveCfg = Release|Any CPU
		{239AD403-FED2-4994-9E21-A4597444E3D8}.Release|Any CPU.Build.0 = Release|Any CPU
		{19E6C321-49FF-407B-BC4B-01D4A7D321CA}.Debug|Any CPU.ActiveCfg = Debug|Any CPU
		{19E6C321-49FF-407B-BC4B-01D4A7D321CA}.Debug|Any CPU.Build.0 = Debug|Any CPU
		{19E6C321-49FF-407B-BC4B-01D4A7D321CA}.Release|Any CPU.ActiveCfg = Release|Any CPU
		{19E6C321-49FF-407B-BC4B-01D4A7D321CA}.Release|Any CPU.Build.0 = Release|Any CPU
		{73B6BD34-B20E-46B3-AE61-D760B02C5E2E}.Debug|Any CPU.ActiveCfg = Debug|Any CPU
		{73B6BD34-B20E-46B3-AE61-D760B02C5E2E}.Debug|Any CPU.Build.0 = Debug|Any CPU
		{73B6BD34-B20E-46B3-AE61-D760B02C5E2E}.Release|Any CPU.ActiveCfg = Release|Any CPU
		{73B6BD34-B20E-46B3-AE61-D760B02C5E2E}.Release|Any CPU.Build.0 = Release|Any CPU
	EndGlobalSection
	GlobalSection(SolutionProperties) = preSolution
		HideSolutionNode = FALSE
	EndGlobalSection
	GlobalSection(ExtensibilityGlobals) = postSolution
		SolutionGuid = {D01CB959-D0AC-42CF-8D0D-89990470953B}
	EndGlobalSection
EndGlobal
